// !$*UTF8*$!
{
	archiveVersion = 1;
	classes = {
	};
	objectVersion = 77;
	objects = {

/* Begin PBXContainerItemProxy section */
		28D3DCC22D00D87900CA0FC2 /* PBXContainerItemProxy */ = {
			isa = PBXContainerItemProxy;
			containerPortal = 28D3DCA72D00D87700CA0FC2 /* Project object */;
			proxyType = 1;
			remoteGlobalIDString = 28D3DCAE2D00D87700CA0FC2;
			remoteInfo = LittleRoute;
		};
		28D3DCCC2D00D87900CA0FC2 /* PBXContainerItemProxy */ = {
			isa = PBXContainerItemProxy;
			containerPortal = 28D3DCA72D00D87700CA0FC2 /* Project object */;
			proxyType = 1;
			remoteGlobalIDString = 28D3DCAE2D00D87700CA0FC2;
			remoteInfo = LittleRoute;
		};
/* End PBXContainerItemProxy section */

/* Begin PBXFileReference section */
		28D3DCAF2D00D87700CA0FC2 /* LittleRoute.app */ = {isa = PBXFileReference; explicitFileType = wrapper.application; includeInIndex = 0; path = LittleRoute.app; sourceTree = BUILT_PRODUCTS_DIR; };
		28D3DCC12D00D87900CA0FC2 /* LittleRouteTests.xctest */ = {isa = PBXFileReference; explicitFileType = wrapper.cfbundle; includeInIndex = 0; path = LittleRouteTests.xctest; sourceTree = BUILT_PRODUCTS_DIR; };
		28D3DCCB2D00D87900CA0FC2 /* LittleRouteUITests.xctest */ = {isa = PBXFileReference; explicitFileType = wrapper.cfbundle; includeInIndex = 0; path = LittleRouteUITests.xctest; sourceTree = BUILT_PRODUCTS_DIR; };
/* End PBXFileReference section */

/* Begin PBXFileSystemSynchronizedRootGroup section */
		28D3DCB12D00D87700CA0FC2 /* LittleRoute */ = {
			isa = PBXFileSystemSynchronizedRootGroup;
			path = LittleRoute;
			sourceTree = "<group>";
		};
		28D3DCC42D00D87900CA0FC2 /* LittleRouteTests */ = {
			isa = PBXFileSystemSynchronizedRootGroup;
			path = LittleRouteTests;
			sourceTree = "<group>";
		};
		28D3DCCE2D00D87900CA0FC2 /* LittleRouteUITests */ = {
			isa = PBXFileSystemSynchronizedRootGroup;
			path = LittleRouteUITests;
			sourceTree = "<group>";
		};
/* End PBXFileSystemSynchronizedRootGroup section */

/* Begin PBXFrameworksBuildPhase section */
		28D3DCAC2D00D87700CA0FC2 /* Frameworks */ = {
			isa = PBXFrameworksBuildPhase;
			buildActionMask = 2147483647;
			files = (
			);
			runOnlyForDeploymentPostprocessing = 0;
		};
		28D3DCBE2D00D87900CA0FC2 /* Frameworks */ = {
			isa = PBXFrameworksBuildPhase;
			buildActionMask = 2147483647;
			files = (
			);
			runOnlyForDeploymentPostprocessing = 0;
		};
		28D3DCC82D00D87900CA0FC2 /* Frameworks */ = {
			isa = PBXFrameworksBuildPhase;
			buildActionMask = 2147483647;
			files = (
			);
			runOnlyForDeploymentPostprocessing = 0;
		};
/* End PBXFrameworksBuildPhase section */

/* Begin PBXGroup section */
		28D3DCA62D00D87700CA0FC2 = {
			isa = PBXGroup;
			children = (
				28D3DCB12D00D87700CA0FC2 /* LittleRoute */,
				28D3DCC42D00D87900CA0FC2 /* LittleRouteTests */,
				28D3DCCE2D00D87900CA0FC2 /* LittleRouteUITests */,
				28D3DCB02D00D87700CA0FC2 /* Products */,
			);
			sourceTree = "<group>";
		};
		28D3DCB02D00D87700CA0FC2 /* Products */ = {
			isa = PBXGroup;
			children = (
				28D3DCAF2D00D87700CA0FC2 /* LittleRoute.app */,
				28D3DCC12D00D87900CA0FC2 /* LittleRouteTests.xctest */,
				28D3DCCB2D00D87900CA0FC2 /* LittleRouteUITests.xctest */,
			);
			name = Products;
			sourceTree = "<group>";
		};
/* End PBXGroup section */

/* Begin PBXNativeTarget section */
		28D3DCAE2D00D87700CA0FC2 /* LittleRoute */ = {
			isa = PBXNativeTarget;
			buildConfigurationList = 28D3DCD52D00D87900CA0FC2 /* Build configuration list for PBXNativeTarget "LittleRoute" */;
			buildPhases = (
				28D3DCAB2D00D87700CA0FC2 /* Sources */,
				28D3DCAC2D00D87700CA0FC2 /* Frameworks */,
				28D3DCAD2D00D87700CA0FC2 /* Resources */,
			);
			buildRules = (
			);
			dependencies = (
			);
			fileSystemSynchronizedGroups = (
				28D3DCB12D00D87700CA0FC2 /* LittleRoute */,
			);
			name = LittleRoute;
			packageProductDependencies = (
			);
			productName = LittleRoute;
			productReference = 28D3DCAF2D00D87700CA0FC2 /* LittleRoute.app */;
			productType = "com.apple.product-type.application";
		};
		28D3DCC02D00D87900CA0FC2 /* LittleRouteTests */ = {
			isa = PBXNativeTarget;
			buildConfigurationList = 28D3DCD82D00D87900CA0FC2 /* Build configuration list for PBXNativeTarget "LittleRouteTests" */;
			buildPhases = (
				28D3DCBD2D00D87900CA0FC2 /* Sources */,
				28D3DCBE2D00D87900CA0FC2 /* Frameworks */,
				28D3DCBF2D00D87900CA0FC2 /* Resources */,
			);
			buildRules = (
			);
			dependencies = (
				28D3DCC32D00D87900CA0FC2 /* PBXTargetDependency */,
			);
			fileSystemSynchronizedGroups = (
				28D3DCC42D00D87900CA0FC2 /* LittleRouteTests */,
			);
			name = LittleRouteTests;
			packageProductDependencies = (
			);
			productName = LittleRouteTests;
			productReference = 28D3DCC12D00D87900CA0FC2 /* LittleRouteTests.xctest */;
			productType = "com.apple.product-type.bundle.unit-test";
		};
		28D3DCCA2D00D87900CA0FC2 /* LittleRouteUITests */ = {
			isa = PBXNativeTarget;
			buildConfigurationList = 28D3DCDB2D00D87900CA0FC2 /* Build configuration list for PBXNativeTarget "LittleRouteUITests" */;
			buildPhases = (
				28D3DCC72D00D87900CA0FC2 /* Sources */,
				28D3DCC82D00D87900CA0FC2 /* Frameworks */,
				28D3DCC92D00D87900CA0FC2 /* Resources */,
			);
			buildRules = (
			);
			dependencies = (
				28D3DCCD2D00D87900CA0FC2 /* PBXTargetDependency */,
			);
			fileSystemSynchronizedGroups = (
				28D3DCCE2D00D87900CA0FC2 /* LittleRouteUITests */,
			);
			name = LittleRouteUITests;
			packageProductDependencies = (
			);
			productName = LittleRouteUITests;
			productReference = 28D3DCCB2D00D87900CA0FC2 /* LittleRouteUITests.xctest */;
			productType = "com.apple.product-type.bundle.ui-testing";
		};
/* End PBXNativeTarget section */

/* Begin PBXProject section */
		28D3DCA72D00D87700CA0FC2 /* Project object */ = {
			isa = PBXProject;
			attributes = {
				BuildIndependentTargetsInParallel = 1;
				LastSwiftUpdateCheck = 1610;
				LastUpgradeCheck = 1610;
				TargetAttributes = {
					28D3DCAE2D00D87700CA0FC2 = {
						CreatedOnToolsVersion = 16.1;
					};
					28D3DCC02D00D87900CA0FC2 = {
						CreatedOnToolsVersion = 16.1;
						TestTargetID = 28D3DCAE2D00D87700CA0FC2;
					};
					28D3DCCA2D00D87900CA0FC2 = {
						CreatedOnToolsVersion = 16.1;
						TestTargetID = 28D3DCAE2D00D87700CA0FC2;
					};
				};
			};
			buildConfigurationList = 28D3DCAA2D00D87700CA0FC2 /* Build configuration list for PBXProject "LittleRoute" */;
			developmentRegion = en;
			hasScannedForEncodings = 0;
			knownRegions = (
				en,
				Base,
			);
			mainGroup = 28D3DCA62D00D87700CA0FC2;
			minimizedProjectReferenceProxies = 1;
			preferredProjectObjectVersion = 77;
			productRefGroup = 28D3DCB02D00D87700CA0FC2 /* Products */;
			projectDirPath = "";
			projectRoot = "";
			targets = (
				28D3DCAE2D00D87700CA0FC2 /* LittleRoute */,
				28D3DCC02D00D87900CA0FC2 /* LittleRouteTests */,
				28D3DCCA2D00D87900CA0FC2 /* LittleRouteUITests */,
			);
		};
/* End PBXProject section */

/* Begin PBXResourcesBuildPhase section */
		28D3DCAD2D00D87700CA0FC2 /* Resources */ = {
			isa = PBXResourcesBuildPhase;
			buildActionMask = 2147483647;
			files = (
			);
			runOnlyForDeploymentPostprocessing = 0;
		};
		28D3DCBF2D00D87900CA0FC2 /* Resources */ = {
			isa = PBXResourcesBuildPhase;
			buildActionMask = 2147483647;
			files = (
			);
			runOnlyForDeploymentPostprocessing = 0;
		};
		28D3DCC92D00D87900CA0FC2 /* Resources */ = {
			isa = PBXResourcesBuildPhase;
			buildActionMask = 2147483647;
			files = (
			);
			runOnlyForDeploymentPostprocessing = 0;
		};
/* End PBXResourcesBuildPhase section */

/* Begin PBXSourcesBuildPhase section */
		28D3DCAB2D00D87700CA0FC2 /* Sources */ = {
			isa = PBXSourcesBuildPhase;
			buildActionMask = 2147483647;
			files = (
			);
			runOnlyForDeploymentPostprocessing = 0;
		};
		28D3DCBD2D00D87900CA0FC2 /* Sources */ = {
			isa = PBXSourcesBuildPhase;
			buildActionMask = 2147483647;
			files = (
			);
			runOnlyForDeploymentPostprocessing = 0;
		};
		28D3DCC72D00D87900CA0FC2 /* Sources */ = {
			isa = PBXSourcesBuildPhase;
			buildActionMask = 2147483647;
			files = (
			);
			runOnlyForDeploymentPostprocessing = 0;
		};
/* End PBXSourcesBuildPhase section */

/* Begin PBXTargetDependency section */
		28D3DCC32D00D87900CA0FC2 /* PBXTargetDependency */ = {
			isa = PBXTargetDependency;
			target = 28D3DCAE2D00D87700CA0FC2 /* LittleRoute */;
			targetProxy = 28D3DCC22D00D87900CA0FC2 /* PBXContainerItemProxy */;
		};
		28D3DCCD2D00D87900CA0FC2 /* PBXTargetDependency */ = {
			isa = PBXTargetDependency;
			target = 28D3DCAE2D00D87700CA0FC2 /* LittleRoute */;
			targetProxy = 28D3DCCC2D00D87900CA0FC2 /* PBXContainerItemProxy */;
		};
/* End PBXTargetDependency section */

/* Begin XCBuildConfiguration section */
		28D3DCD32D00D87900CA0FC2 /* Debug */ = {
			isa = XCBuildConfiguration;
			buildSettings = {
				ALWAYS_SEARCH_USER_PATHS = NO;
				ASSETCATALOG_COMPILER_GENERATE_SWIFT_ASSET_SYMBOL_EXTENSIONS = YES;
				CLANG_ANALYZER_NONNULL = YES;
				CLANG_ANALYZER_NUMBER_OBJECT_CONVERSION = YES_AGGRESSIVE;
				CLANG_CXX_LANGUAGE_STANDARD = "gnu++20";
				CLANG_ENABLE_MODULES = YES;
				CLANG_ENABLE_OBJC_ARC = YES;
				CLANG_ENABLE_OBJC_WEAK = YES;
				CLANG_WARN_BLOCK_CAPTURE_AUTORELEASING = YES;
				CLANG_WARN_BOOL_CONVERSION = YES;
				CLANG_WARN_COMMA = YES;
				CLANG_WARN_CONSTANT_CONVERSION = YES;
				CLANG_WARN_DEPRECATED_OBJC_IMPLEMENTATIONS = YES;
				CLANG_WARN_DIRECT_OBJC_ISA_USAGE = YES_ERROR;
				CLANG_WARN_DOCUMENTATION_COMMENTS = YES;
				CLANG_WARN_EMPTY_BODY = YES;
				CLANG_WARN_ENUM_CONVERSION = YES;
				CLANG_WARN_INFINITE_RECURSION = YES;
				CLANG_WARN_INT_CONVERSION = YES;
				CLANG_WARN_NON_LITERAL_NULL_CONVERSION = YES;
				CLANG_WARN_OBJC_IMPLICIT_RETAIN_SELF = YES;
				CLANG_WARN_OBJC_LITERAL_CONVERSION = YES;
				CLANG_WARN_OBJC_ROOT_CLASS = YES_ERROR;
				CLANG_WARN_QUOTED_INCLUDE_IN_FRAMEWORK_HEADER = YES;
				CLANG_WARN_RANGE_LOOP_ANALYSIS = YES;
				CLANG_WARN_STRICT_PROTOTYPES = YES;
				CLANG_WARN_SUSPICIOUS_MOVE = YES;
				CLANG_WARN_UNGUARDED_AVAILABILITY = YES_AGGRESSIVE;
				CLANG_WARN_UNREACHABLE_CODE = YES;
				CLANG_WARN__DUPLICATE_METHOD_MATCH = YES;
				COPY_PHASE_STRIP = NO;
				DEBUG_INFORMATION_FORMAT = dwarf;
				ENABLE_STRICT_OBJC_MSGSEND = YES;
				ENABLE_TESTABILITY = YES;
				ENABLE_USER_SCRIPT_SANDBOXING = YES;
				GCC_C_LANGUAGE_STANDARD = gnu17;
				GCC_DYNAMIC_NO_PIC = NO;
				GCC_NO_COMMON_BLOCKS = YES;
				GCC_OPTIMIZATION_LEVEL = 0;
				GCC_PREPROCESSOR_DEFINITIONS = (
					"DEBUG=1",
					"$(inherited)",
				);
				GCC_WARN_64_TO_32_BIT_CONVERSION = YES;
				GCC_WARN_ABOUT_RETURN_TYPE = YES_ERROR;
				GCC_WARN_UNDECLARED_SELECTOR = YES;
				GCC_WARN_UNINITIALIZED_AUTOS = YES_AGGRESSIVE;
				GCC_WARN_UNUSED_FUNCTION = YES;
				GCC_WARN_UNUSED_VARIABLE = YES;
				IPHONEOS_DEPLOYMENT_TARGET = 18.1;
				LOCALIZATION_PREFERS_STRING_CATALOGS = YES;
				MTL_ENABLE_DEBUG_INFO = INCLUDE_SOURCE;
				MTL_FAST_MATH = YES;
				ONLY_ACTIVE_ARCH = YES;
				SDKROOT = iphoneos;
				SWIFT_ACTIVE_COMPILATION_CONDITIONS = "DEBUG $(inherited)";
				SWIFT_OPTIMIZATION_LEVEL = "-Onone";
			};
			name = Debug;
		};
		28D3DCD42D00D87900CA0FC2 /* Release */ = {
			isa = XCBuildConfiguration;
			buildSettings = {
				ALWAYS_SEARCH_USER_PATHS = NO;
				ASSETCATALOG_COMPILER_GENERATE_SWIFT_ASSET_SYMBOL_EXTENSIONS = YES;
				CLANG_ANALYZER_NONNULL = YES;
				CLANG_ANALYZER_NUMBER_OBJECT_CONVERSION = YES_AGGRESSIVE;
				CLANG_CXX_LANGUAGE_STANDARD = "gnu++20";
				CLANG_ENABLE_MODULES = YES;
				CLANG_ENABLE_OBJC_ARC = YES;
				CLANG_ENABLE_OBJC_WEAK = YES;
				CLANG_WARN_BLOCK_CAPTURE_AUTORELEASING = YES;
				CLANG_WARN_BOOL_CONVERSION = YES;
				CLANG_WARN_COMMA = YES;
				CLANG_WARN_CONSTANT_CONVERSION = YES;
				CLANG_WARN_DEPRECATED_OBJC_IMPLEMENTATIONS = YES;
				CLANG_WARN_DIRECT_OBJC_ISA_USAGE = YES_ERROR;
				CLANG_WARN_DOCUMENTATION_COMMENTS = YES;
				CLANG_WARN_EMPTY_BODY = YES;
				CLANG_WARN_ENUM_CONVERSION = YES;
				CLANG_WARN_INFINITE_RECURSION = YES;
				CLANG_WARN_INT_CONVERSION = YES;
				CLANG_WARN_NON_LITERAL_NULL_CONVERSION = YES;
				CLANG_WARN_OBJC_IMPLICIT_RETAIN_SELF = YES;
				CLANG_WARN_OBJC_LITERAL_CONVERSION = YES;
				CLANG_WARN_OBJC_ROOT_CLASS = YES_ERROR;
				CLANG_WARN_QUOTED_INCLUDE_IN_FRAMEWORK_HEADER = YES;
				CLANG_WARN_RANGE_LOOP_ANALYSIS = YES;
				CLANG_WARN_STRICT_PROTOTYPES = YES;
				CLANG_WARN_SUSPICIOUS_MOVE = YES;
				CLANG_WARN_UNGUARDED_AVAILABILITY = YES_AGGRESSIVE;
				CLANG_WARN_UNREACHABLE_CODE = YES;
				CLANG_WARN__DUPLICATE_METHOD_MATCH = YES;
				COPY_PHASE_STRIP = NO;
				DEBUG_INFORMATION_FORMAT = "dwarf-with-dsym";
				ENABLE_NS_ASSERTIONS = NO;
				ENABLE_STRICT_OBJC_MSGSEND = YES;
				ENABLE_USER_SCRIPT_SANDBOXING = YES;
				GCC_C_LANGUAGE_STANDARD = gnu17;
				GCC_NO_COMMON_BLOCKS = YES;
				GCC_WARN_64_TO_32_BIT_CONVERSION = YES;
				GCC_WARN_ABOUT_RETURN_TYPE = YES_ERROR;
				GCC_WARN_UNDECLARED_SELECTOR = YES;
				GCC_WARN_UNINITIALIZED_AUTOS = YES_AGGRESSIVE;
				GCC_WARN_UNUSED_FUNCTION = YES;
				GCC_WARN_UNUSED_VARIABLE = YES;
				IPHONEOS_DEPLOYMENT_TARGET = 18.1;
				LOCALIZATION_PREFERS_STRING_CATALOGS = YES;
				MTL_ENABLE_DEBUG_INFO = NO;
				MTL_FAST_MATH = YES;
				SDKROOT = iphoneos;
				SWIFT_COMPILATION_MODE = wholemodule;
				VALIDATE_PRODUCT = YES;
			};
			name = Release;
		};
		28D3DCD62D00D87900CA0FC2 /* Debug */ = {
			isa = XCBuildConfiguration;
			buildSettings = {
				ASSETCATALOG_COMPILER_APPICON_NAME = AppIcon;
				ASSETCATALOG_COMPILER_GLOBAL_ACCENT_COLOR_NAME = AccentColor;
				CODE_SIGN_STYLE = Automatic;
				CURRENT_PROJECT_VERSION = 1;
				DEVELOPMENT_ASSET_PATHS = "\"LittleRoute/Preview Content\"";
				DEVELOPMENT_TEAM = GGSHGZJP85;
				ENABLE_PREVIEWS = YES;
				GENERATE_INFOPLIST_FILE = YES;
				INFOPLIST_KEY_UIApplicationSceneManifest_Generation = YES;
				INFOPLIST_KEY_UIApplicationSupportsIndirectInputEvents = YES;
				INFOPLIST_KEY_UILaunchScreen_Generation = YES;
				INFOPLIST_KEY_UISupportedInterfaceOrientations_iPad = "UIInterfaceOrientationPortrait UIInterfaceOrientationPortraitUpsideDown UIInterfaceOrientationLandscapeLeft UIInterfaceOrientationLandscapeRight";
				INFOPLIST_KEY_UISupportedInterfaceOrientations_iPhone = "UIInterfaceOrientationPortrait UIInterfaceOrientationLandscapeLeft UIInterfaceOrientationLandscapeRight";
				LD_RUNPATH_SEARCH_PATHS = (
					"$(inherited)",
					"@executable_path/Frameworks",
				);
				MARKETING_VERSION = 1.0;
				PRODUCT_BUNDLE_IDENTIFIER = nemphos.LittleRoute;
				PRODUCT_NAME = "$(TARGET_NAME)";
				SWIFT_EMIT_LOC_STRINGS = YES;
				SWIFT_VERSION = 5.0;
				TARGETED_DEVICE_FAMILY = "1,2";
			};
			name = Debug;
		};
		28D3DCD72D00D87900CA0FC2 /* Release */ = {
			isa = XCBuildConfiguration;
			buildSettings = {
				ASSETCATALOG_COMPILER_APPICON_NAME = AppIcon;
				ASSETCATALOG_COMPILER_GLOBAL_ACCENT_COLOR_NAME = AccentColor;
				CODE_SIGN_STYLE = Automatic;
				CURRENT_PROJECT_VERSION = 1;
				DEVELOPMENT_ASSET_PATHS = "\"LittleRoute/Preview Content\"";
				DEVELOPMENT_TEAM = GGSHGZJP85;
				ENABLE_PREVIEWS = YES;
				GENERATE_INFOPLIST_FILE = YES;
				INFOPLIST_KEY_UIApplicationSceneManifest_Generation = YES;
				INFOPLIST_KEY_UIApplicationSupportsIndirectInputEvents = YES;
				INFOPLIST_KEY_UILaunchScreen_Generation = YES;
				INFOPLIST_KEY_UISupportedInterfaceOrientations_iPad = "UIInterfaceOrientationPortrait UIInterfaceOrientationPortraitUpsideDown UIInterfaceOrientationLandscapeLeft UIInterfaceOrientationLandscapeRight";
				INFOPLIST_KEY_UISupportedInterfaceOrientations_iPhone = "UIInterfaceOrientationPortrait UIInterfaceOrientationLandscapeLeft UIInterfaceOrientationLandscapeRight";
				LD_RUNPATH_SEARCH_PATHS = (
					"$(inherited)",
					"@executable_path/Frameworks",
				);
				MARKETING_VERSION = 1.0;
				PRODUCT_BUNDLE_IDENTIFIER = nemphos.LittleRoute;
				PRODUCT_NAME = "$(TARGET_NAME)";
				SWIFT_EMIT_LOC_STRINGS = YES;
				SWIFT_VERSION = 5.0;
				TARGETED_DEVICE_FAMILY = "1,2";
			};
			name = Release;
		};
		28D3DCD92D00D87900CA0FC2 /* Debug */ = {
			isa = XCBuildConfiguration;
			buildSettings = {
				BUNDLE_LOADER = "$(TEST_HOST)";
				CODE_SIGN_STYLE = Automatic;
				CURRENT_PROJECT_VERSION = 1;
				DEVELOPMENT_TEAM = GGSHGZJP85;
				GENERATE_INFOPLIST_FILE = YES;
				IPHONEOS_DEPLOYMENT_TARGET = 18.1;
				MARKETING_VERSION = 1.0;
				PRODUCT_BUNDLE_IDENTIFIER = nemphos.LittleRouteTests;
				PRODUCT_NAME = "$(TARGET_NAME)";
				SWIFT_EMIT_LOC_STRINGS = NO;
				SWIFT_VERSION = 5.0;
				TARGETED_DEVICE_FAMILY = "1,2";
				TEST_HOST = "$(BUILT_PRODUCTS_DIR)/LittleRoute.app/$(BUNDLE_EXECUTABLE_FOLDER_PATH)/LittleRoute";
			};
			name = Debug;
		};
		28D3DCDA2D00D87900CA0FC2 /* Release */ = {
			isa = XCBuildConfiguration;
			buildSettings = {
				BUNDLE_LOADER = "$(TEST_HOST)";
				CODE_SIGN_STYLE = Automatic;
				CURRENT_PROJECT_VERSION = 1;
				DEVELOPMENT_TEAM = GGSHGZJP85;
				GENERATE_INFOPLIST_FILE = YES;
				IPHONEOS_DEPLOYMENT_TARGET = 18.1;
				MARKETING_VERSION = 1.0;
				PRODUCT_BUNDLE_IDENTIFIER = nemphos.LittleRouteTests;
				PRODUCT_NAME = "$(TARGET_NAME)";
				SWIFT_EMIT_LOC_STRINGS = NO;
				SWIFT_VERSION = 5.0;
				TARGETED_DEVICE_FAMILY = "1,2";
				TEST_HOST = "$(BUILT_PRODUCTS_DIR)/LittleRoute.app/$(BUNDLE_EXECUTABLE_FOLDER_PATH)/LittleRoute";
			};
			name = Release;
		};
		28D3DCDC2D00D87900CA0FC2 /* Debug */ = {
			isa = XCBuildConfiguration;
			buildSettings = {
				CODE_SIGN_STYLE = Automatic;
				CURRENT_PROJECT_VERSION = 1;
				DEVELOPMENT_TEAM = GGSHGZJP85;
				GENERATE_INFOPLIST_FILE = YES;
				MARKETING_VERSION = 1.0;
				PRODUCT_BUNDLE_IDENTIFIER = nemphos.LittleRouteUITests;
				PRODUCT_NAME = "$(TARGET_NAME)";
				SWIFT_EMIT_LOC_STRINGS = NO;
				SWIFT_VERSION = 5.0;
				TARGETED_DEVICE_FAMILY = "1,2";
				TEST_TARGET_NAME = LittleRoute;
			};
			name = Debug;
		};
		28D3DCDD2D00D87900CA0FC2 /* Release */ = {
			isa = XCBuildConfiguration;
			buildSettings = {
				CODE_SIGN_STYLE = Automatic;
				CURRENT_PROJECT_VERSION = 1;
				DEVELOPMENT_TEAM = GGSHGZJP85;
				GENERATE_INFOPLIST_FILE = YES;
				MARKETING_VERSION = 1.0;
				PRODUCT_BUNDLE_IDENTIFIER = nemphos.LittleRouteUITests;
				PRODUCT_NAME = "$(TARGET_NAME)";
				SWIFT_EMIT_LOC_STRINGS = NO;
				SWIFT_VERSION = 5.0;
				TARGETED_DEVICE_FAMILY = "1,2";
				TEST_TARGET_NAME = LittleRoute;
			};
			name = Release;
		};
/* End XCBuildConfiguration section */

/* Begin XCConfigurationList section */
		28D3DCAA2D00D87700CA0FC2 /* Build configuration list for PBXProject "LittleRoute" */ = {
			isa = XCConfigurationList;
			buildConfigurations = (
				28D3DCD32D00D87900CA0FC2 /* Debug */,
				28D3DCD42D00D87900CA0FC2 /* Release */,
			);
			defaultConfigurationIsVisible = 0;
			defaultConfigurationName = Release;
		};
		28D3DCD52D00D87900CA0FC2 /* Build configuration list for PBXNativeTarget "LittleRoute" */ = {
			isa = XCConfigurationList;
			buildConfigurations = (
				28D3DCD62D00D87900CA0FC2 /* Debug */,
				28D3DCD72D00D87900CA0FC2 /* Release */,
			);
			defaultConfigurationIsVisible = 0;
			defaultConfigurationName = Release;
		};
		28D3DCD82D00D87900CA0FC2 /* Build configuration list for PBXNativeTarget "LittleRouteTests" */ = {
			isa = XCConfigurationList;
			buildConfigurations = (
				28D3DCD92D00D87900CA0FC2 /* Debug */,
				28D3DCDA2D00D87900CA0FC2 /* Release */,
			);
			defaultConfigurationIsVisible = 0;
			defaultConfigurationName = Release;
		};
		28D3DCDB2D00D87900CA0FC2 /* Build configuration list for PBXNativeTarget "LittleRouteUITests" */ = {
			isa = XCConfigurationList;
			buildConfigurations = (
				28D3DCDC2D00D87900CA0FC2 /* Debug */,
				28D3DCDD2D00D87900CA0FC2 /* Release */,
			);
			defaultConfigurationIsVisible = 0;
			defaultConfigurationName = Release;
		};
/* End XCConfigurationList section */
	};
	rootObject = 28D3DCA72D00D87700CA0FC2 /* Project object */;
}
